
Microsoft Visual Studio Solution File, Format Version 12.00
# Visual Studio Version 16
VisualStudioVersion = 16.0.31613.86
MinimumVisualStudioVersion = 10.0.40219.1
Project("{FAE04EC0-301F-11D3-BF4B-00C04F79EFBC}") = "ReactPeopleTable9.Web", "ReactPeopleTable9.Web\ReactPeopleTable9.Web.csproj", "{2900BAC6-A039-45B9-8906-56A75E4E53B4}"
EndProject
Project("{FAE04EC0-301F-11D3-BF4B-00C04F79EFBC}") = "ReactPeopleTable9.Data", "ReactPeopleTable.Data\ReactPeopleTable9.Data.csproj", "{1A3B4E92-A545-49F9-92F5-4B0D7E90E2E1}"
EndProject
Global
	GlobalSection(SolutionConfigurationPlatforms) = preSolution
		Debug|Any CPU = Debug|Any CPU
		Release|Any CPU = Release|Any CPU
	EndGlobalSection
	GlobalSection(ProjectConfigurationPlatforms) = postSolution
		{2900BAC6-A039-45B9-8906-56A75E4E53B4}.Debug|Any CPU.ActiveCfg = Debug|Any CPU
		{2900BAC6-A039-45B9-8906-56A75E4E53B4}.Debug|Any CPU.Build.0 = Debug|Any CPU
		{2900BAC6-A039-45B9-8906-56A75E4E53B4}.Release|Any CPU.ActiveCfg = Release|Any CPU
		{2900BAC6-A039-45B9-8906-56A75E4E53B4}.Release|Any CPU.Build.0 = Release|Any CPU
		{1A3B4E92-A545-49F9-92F5-4B0D7E90E2E1}.Debug|Any CPU.ActiveCfg = Debug|Any CPU
		{1A3B4E92-A545-49F9-92F5-4B0D7E90E2E1}.Debug|Any CPU.Build.0 = Debug|Any CPU
		{1A3B4E92-A545-49F9-92F5-4B0D7E90E2E1}.Release|Any CPU.ActiveCfg = Release|Any CPU
		{1A3B4E92-A545-49F9-92F5-4B0D7E90E2E1}.Release|Any CPU.Build.0 = Release|Any CPU
	EndGlobalSection
	GlobalSection(SolutionProperties) = preSolution
		HideSolutionNode = FALSE
	EndGlobalSection
	GlobalSection(ExtensibilityGlobals) = postSolution
		SolutionGuid = {57769E52-8198-4429-A48E-4186321A4127}
	EndGlobalSection
EndGlobal
